
Microsoft Visual Studio Solution File, Format Version 12.00
# Visual Studio 15
VisualStudioVersion = 15.0.28307.168
MinimumVisualStudioVersion = 10.0.40219.1
Project("{9A19103F-16F7-4668-BE54-9A1E7A4F7556}") = "webapiTester", "webapiTester\webapiTester.csproj", "{C1C2F5E9-A085-447C-9387-3FEC95FAB7A0}"
EndProject
Project("{FAE04EC0-301F-11D3-BF4B-00C04F79EFBC}") = "webapiTester.Tests", "webapiTester.Tests\webapiTester.Tests.csproj", "{362AED6E-0B4B-4E67-8C97-85FC8B08BED4}"
EndProject
Global
	GlobalSection(SolutionConfigurationPlatforms) = preSolution
		Debug|Any CPU = Debug|Any CPU
		Release|Any CPU = Release|Any CPU
	EndGlobalSection
	GlobalSection(ProjectConfigurationPlatforms) = postSolution
		{C1C2F5E9-A085-447C-9387-3FEC95FAB7A0}.Debug|Any CPU.ActiveCfg = Debug|Any CPU
		{C1C2F5E9-A085-447C-9387-3FEC95FAB7A0}.Debug|Any CPU.Build.0 = Debug|Any CPU
		{C1C2F5E9-A085-447C-9387-3FEC95FAB7A0}.Release|Any CPU.ActiveCfg = Release|Any CPU
		{C1C2F5E9-A085-447C-9387-3FEC95FAB7A0}.Release|Any CPU.Build.0 = Release|Any CPU
		{362AED6E-0B4B-4E67-8C97-85FC8B08BED4}.Debug|Any CPU.ActiveCfg = Debug|Any CPU
		{362AED6E-0B4B-4E67-8C97-85FC8B08BED4}.Debug|Any CPU.Build.0 = Debug|Any CPU
		{362AED6E-0B4B-4E67-8C97-85FC8B08BED4}.Release|Any CPU.ActiveCfg = Release|Any CPU
		{362AED6E-0B4B-4E67-8C97-85FC8B08BED4}.Release|Any CPU.Build.0 = Release|Any CPU
	EndGlobalSection
	GlobalSection(SolutionProperties) = preSolution
		HideSolutionNode = FALSE
	EndGlobalSection
	GlobalSection(ExtensibilityGlobals) = postSolution
		SolutionGuid = {99046DAA-C5A2-4476-89F6-690BBB566D8F}
	EndGlobalSection
EndGlobal
